<?xml version="1.0" encoding="utf-8"?>
<Project ToolsVersion="4.0" xmlns="http://schemas.microsoft.com/developer/msbuild/2003">
  <ItemGroup>
    <Filter Include="Source Files">
      <UniqueIdentifier>{4FC737F1-C7A5-4376-A066-2A32D752A2FF}</UniqueIdentifier>
      <Extensions>qml;cpp;c;cc;cxx;def;odl;idl;hpj;bat;asm;asmx</Extensions>
    </Filter>
    <Filter Include="Header Files">
      <UniqueIdentifier>{93995380-89BD-4b04-88EB-625FBE52EBFB}</UniqueIdentifier>
      <Extensions>h;hh;hpp;hxx;hm;inl;inc;xsd</Extensions>
    </Filter>
    <Filter Include="Resource Files">
      <UniqueIdentifier>{67DA6AB6-F800-4c08-8B7A-83BB121AAD01}</UniqueIdentifier>
      <Extensions>qrc;rc;ico;cur;bmp;dlg;rc2;rct;bin;rgs;gif;jpg;jpeg;jpe;resx;tiff;tif;png;wav;mfcribbon-ms</Extensions>
    </Filter>
    <Filter Include="Form Files">
      <UniqueIdentifier>{99349809-55BA-4b9d-BF79-8FDBB0286EB3}</UniqueIdentifier>
      <Extensions>ui</Extensions>
    </Filter>
    <Filter Include="Translation Files">
      <UniqueIdentifier>{639EADAA-A684-42e4-A9AD-28FC9BCB8F7C}</UniqueIdentifier>
      <Extensions>ts</Extensions>
    </Filter>
    <Filter Include="shaders">
      <UniqueIdentifier>{034018cf-e884-4208-aeec-d7e6f2d93ee2}</UniqueIdentifier>
    </Filter>
    <Filter Include="Header Files\io">
      <UniqueIdentifier>{efc6159f-86ed-4abf-91f9-5e594706a7b6}</UniqueIdentifier>
    </Filter>
    <Filter Include="Source Files\io">
      <UniqueIdentifier>{6d21c5be-6324-4a0b-b7c9-dcf93ba57916}</UniqueIdentifier>
    </Filter>
  </ItemGroup>
  <ItemGroup>
    <QtRcc Include="quadwidgets.qrc">
      <Filter>Resource Files</Filter>
    </QtRcc>
    <QtUic Include="quadwidgets.ui">
      <Filter>Form Files</Filter>
    </QtUic>
    <QtMoc Include="quadwidgets.h">
      <Filter>Header Files</Filter>
    </QtMoc>
    <ClCompile Include="quadwidgets.cpp">
      <Filter>Source Files</Filter>
    </ClCompile>
    <None Include="QuadWidgets.ico">
      <Filter>Resource Files</Filter>
    </None>
    <ResourceCompile Include="QuadWidgets.rc">
      <Filter>Resource Files</Filter>
    </ResourceCompile>
  </ItemGroup>
  <ItemGroup>
    <ClCompile Include="main.cpp">
      <Filter>Source Files</Filter>
    </ClCompile>
    <ClCompile Include="source\glview.cpp">
      <Filter>Source Files</Filter>
    </ClCompile>
    <ClCompile Include="source\context.cpp">
      <Filter>Source Files</Filter>
    </ClCompile>
    <ClCompile Include="source\glviewquad3d.cpp">
      <Filter>Source Files</Filter>
    </ClCompile>
    <ClCompile Include="source\glviewquadaxial.cpp">
      <Filter>Source Files</Filter>
    </ClCompile>
    <ClCompile Include="source\glviewquadcoronal.cpp">
      <Filter>Source Files</Filter>
    </ClCompile>
    <ClCompile Include="source\glviewquadsagittal.cpp">
      <Filter>Source Files</Filter>
    </ClCompile>
    <ClCompile Include="source\shaders.cpp">
      <Filter>Source Files</Filter>
    </ClCompile>
    <ClCompile Include="source\camera.cpp">
      <Filter>Source Files</Filter>
    </ClCompile>
    <ClCompile Include="source\axes3d.cpp">
      <Filter>Source Files</Filter>
    </ClCompile>
    <ClCompile Include="source\render_object.cpp">
      <Filter>Source Files</Filter>
    </ClCompile>
    <ClCompile Include="source\axisPlane.cpp">
      <Filter>Source Files</Filter>
    </ClCompile>
    <ClCompile Include="source\volume.cpp">
      <Filter>Source Files</Filter>
    </ClCompile>
    <ClCompile Include="source\io\ioData.cpp">
      <Filter>Source Files\io</Filter>
    </ClCompile>
  </ItemGroup>
  <ItemGroup>
    <QtMoc Include="include\glview.h">
      <Filter>Header Files</Filter>
    </QtMoc>
    <QtMoc Include="include\glviewquad3d.h">
      <Filter>Header Files</Filter>
    </QtMoc>
    <QtMoc Include="include\glviewquadaxial.h">
      <Filter>Header Files</Filter>
    </QtMoc>
    <QtMoc Include="include\glviewquadcoronal.h">
      <Filter>Header Files</Filter>
    </QtMoc>
    <QtMoc Include="include\glviewquadsagittal.h">
      <Filter>Header Files</Filter>
    </QtMoc>
  </ItemGroup>
  <ItemGroup>
    <ClInclude Include="include\axisPlane.h">
      <Filter>Header Files</Filter>
    </ClInclude>
    <ClInclude Include="include\camera.h">
      <Filter>Header Files</Filter>
    </ClInclude>
    <ClInclude Include="include\render_object.h">
      <Filter>Header Files</Filter>
    </ClInclude>
    <ClInclude Include="include\volume.h">
      <Filter>Header Files</Filter>
    </ClInclude>
    <ClInclude Include="include\context.h">
      <Filter>Header Files</Filter>
    </ClInclude>
    <ClInclude Include="include\shaders.h">
      <Filter>Header Files</Filter>
    </ClInclude>
    <ClInclude Include="include\axes3d.h">
      <Filter>Header Files</Filter>
    </ClInclude>
    <ClInclude Include="include\io\ioData.h">
      <Filter>Header Files\io</Filter>
    </ClInclude>
  </ItemGroup>
  <ItemGroup>
    <None Include="shaders\axis.frag">
      <Filter>shaders</Filter>
    </None>
    <None Include="shaders\axis.vert">
      <Filter>shaders</Filter>
    </None>
    <None Include="shaders\axisPlane.frag">
      <Filter>shaders</Filter>
    </None>
    <None Include="shaders\axisPlane.vert">
      <Filter>shaders</Filter>
    </None>
    <None Include="shaders\quadview.frag">
      <Filter>shaders</Filter>
    </None>
    <None Include="shaders\quadview.vert">
      <Filter>shaders</Filter>
    </None>
    <None Include="shaders\volume.frag">
      <Filter>shaders</Filter>
    </None>
    <None Include="shaders\volume.vert">
      <Filter>shaders</Filter>
    </None>
  </ItemGroup>
</Project>