<?xml version="1.0" encoding="utf-8"?>
<Project ToolsVersion="4.0" xmlns="http://schemas.microsoft.com/developer/msbuild/2003">
  <ItemGroup>
    <Filter Include="Source Files">
      <UniqueIdentifier>{4FC737F1-C7A5-4376-A066-2A32D752A2FF}</UniqueIdentifier>
      <Extensions>qml;cpp;c;cc;cxx;def;odl;idl;hpj;bat;asm;asmx</Extensions>
    </Filter>
    <Filter Include="Header Files">
      <UniqueIdentifier>{93995380-89BD-4b04-88EB-625FBE52EBFB}</UniqueIdentifier>
      <Extensions>h;hh;hpp;hxx;hm;inl;inc;xsd</Extensions>
    </Filter>
    <Filter Include="Resource Files">
      <UniqueIdentifier>{67DA6AB6-F800-4c08-8B7A-83BB121AAD01}</UniqueIdentifier>
      <Extensions>qrc;rc;ico;cur;bmp;dlg;rc2;rct;bin;rgs;gif;jpg;jpeg;jpe;resx;tiff;tif;png;wav;mfcribbon-ms</Extensions>
    </Filter>
    <Filter Include="Form Files">
      <UniqueIdentifier>{99349809-55BA-4b9d-BF79-8FDBB0286EB3}</UniqueIdentifier>
      <Extensions>ui</Extensions>
    </Filter>
    <Filter Include="Translation Files">
      <UniqueIdentifier>{639EADAA-A684-42e4-A9AD-28FC9BCB8F7C}</UniqueIdentifier>
      <Extensions>ts</Extensions>
    </Filter>
    <Filter Include="Header Files\io">
      <UniqueIdentifier>{99553247-06b9-40b8-a2b3-0d1a3abbeeea}</UniqueIdentifier>
    </Filter>
    <Filter Include="shaders">
      <UniqueIdentifier>{1f5a97f4-e6b7-45c7-8e18-436c870347e0}</UniqueIdentifier>
    </Filter>
    <Filter Include="Source Files\io">
      <UniqueIdentifier>{4b961734-fa01-4c00-a525-5e5b7cee038d}</UniqueIdentifier>
    </Filter>
  </ItemGroup>
  <ItemGroup>
    <ClInclude Include="quadcontrol_global.h">
      <Filter>Header Files</Filter>
    </ClInclude>
    <ClInclude Include="QuadControl.h">
      <Filter>Header Files</Filter>
    </ClInclude>
    <ClInclude Include="include\io\ioData.h">
      <Filter>Header Files\io</Filter>
    </ClInclude>
    <ClInclude Include="include\axes3d.h">
      <Filter>Header Files</Filter>
    </ClInclude>
    <ClInclude Include="include\axisPlane.h">
      <Filter>Header Files</Filter>
    </ClInclude>
    <ClInclude Include="include\camera.h">
      <Filter>Header Files</Filter>
    </ClInclude>
    <ClInclude Include="include\context.h">
      <Filter>Header Files</Filter>
    </ClInclude>
    <ClInclude Include="include\controls.h">
      <Filter>Header Files</Filter>
    </ClInclude>
    <ClInclude Include="include\glview.h">
      <Filter>Header Files</Filter>
    </ClInclude>
    <ClInclude Include="include\render_object.h">
      <Filter>Header Files</Filter>
    </ClInclude>
    <ClInclude Include="include\shaders.h">
      <Filter>Header Files</Filter>
    </ClInclude>
    <ClInclude Include="include\viewBorder.h">
      <Filter>Header Files</Filter>
    </ClInclude>
    <ClInclude Include="include\volume3dview.h">
      <Filter>Header Files</Filter>
    </ClInclude>
    <ClInclude Include="include\glview3drenderer.h">
      <Filter>Header Files</Filter>
    </ClInclude>
    <ClInclude Include="include\glviewaxialrenderer.h">
      <Filter>Header Files</Filter>
    </ClInclude>
    <ClInclude Include="include\glviewcoronalrenderer.h">
      <Filter>Header Files</Filter>
    </ClInclude>
    <ClInclude Include="include\glviewsagittalrenderer.h">
      <Filter>Header Files</Filter>
    </ClInclude>
  </ItemGroup>
  <ItemGroup>
    <QtMoc Include="plugin.cpp">
      <Filter>Source Files</Filter>
    </QtMoc>
    <QtMoc Include="include\glview3d.h">
      <Filter>Header Files</Filter>
    </QtMoc>
    <QtMoc Include="include\glviewcoronal.h">
      <Filter>Header Files</Filter>
    </QtMoc>
    <QtMoc Include="include\glviewsagittal.h">
      <Filter>Header Files</Filter>
    </QtMoc>
    <QtMoc Include="include\glviewaxial.h">
      <Filter>Header Files</Filter>
    </QtMoc>
    <QtMoc Include="include\contextWrapper.h">
      <Filter>Header Files</Filter>
    </QtMoc>
  </ItemGroup>
  <ItemGroup>
    <None Include="shaders\axialXY.frag">
      <Filter>shaders</Filter>
    </None>
    <None Include="shaders\axialXY.vert">
      <Filter>shaders</Filter>
    </None>
    <None Include="shaders\axialXZ.frag">
      <Filter>shaders</Filter>
    </None>
    <None Include="shaders\axialXZ.vert">
      <Filter>shaders</Filter>
    </None>
    <None Include="shaders\axialYZ.frag">
      <Filter>shaders</Filter>
    </None>
    <None Include="shaders\axialYZ.vert">
      <Filter>shaders</Filter>
    </None>
    <None Include="shaders\axis.frag">
      <Filter>shaders</Filter>
    </None>
    <None Include="shaders\axis.vert">
      <Filter>shaders</Filter>
    </None>
    <None Include="shaders\axisPlane.frag">
      <Filter>shaders</Filter>
    </None>
    <None Include="shaders\axisPlane.vert">
      <Filter>shaders</Filter>
    </None>
    <None Include="shaders\quadview.frag">
      <Filter>shaders</Filter>
    </None>
    <None Include="shaders\quadview.vert">
      <Filter>shaders</Filter>
    </None>
    <None Include="shaders\viewBorder.frag">
      <Filter>shaders</Filter>
    </None>
    <None Include="shaders\viewBorder.vert">
      <Filter>shaders</Filter>
    </None>
    <None Include="shaders\volume3dview.frag">
      <Filter>shaders</Filter>
    </None>
    <None Include="shaders\volume3dview.vert">
      <Filter>shaders</Filter>
    </None>
  </ItemGroup>
  <ItemGroup>
    <ClCompile Include="source\axes3d.cpp">
      <Filter>Source Files</Filter>
    </ClCompile>
    <ClCompile Include="source\axisPlane.cpp">
      <Filter>Source Files</Filter>
    </ClCompile>
    <ClCompile Include="source\camera.cpp">
      <Filter>Source Files</Filter>
    </ClCompile>
    <ClCompile Include="source\glview.cpp">
      <Filter>Source Files</Filter>
    </ClCompile>
    <ClCompile Include="source\glview3drenderer.cpp">
      <Filter>Source Files</Filter>
    </ClCompile>
    <ClCompile Include="source\glviewaxialrenderer.cpp">
      <Filter>Source Files</Filter>
    </ClCompile>
    <ClCompile Include="source\glviewcoronalrenderer.cpp">
      <Filter>Source Files</Filter>
    </ClCompile>
    <ClCompile Include="source\glviewsagittalrenderer.cpp">
      <Filter>Source Files</Filter>
    </ClCompile>
    <ClCompile Include="source\render_object.cpp">
      <Filter>Source Files</Filter>
    </ClCompile>
    <ClCompile Include="source\shaders.cpp">
      <Filter>Source Files</Filter>
    </ClCompile>
    <ClCompile Include="source\viewBorder.cpp">
      <Filter>Source Files</Filter>
    </ClCompile>
    <ClCompile Include="source\volume3dview.cpp">
      <Filter>Source Files</Filter>
    </ClCompile>
    <ClCompile Include="source\io\ioData.cpp">
      <Filter>Source Files\io</Filter>
    </ClCompile>
    <ClCompile Include="source\context.cpp">
      <Filter>Source Files</Filter>
    </ClCompile>
  </ItemGroup>
</Project>